<?xml version="1.0" encoding="utf-8"?>
<Project ToolsVersion="4.0" xmlns="http://schemas.microsoft.com/developer/msbuild/2003">
  <ItemGroup>
    <ClCompile Include="bounce.cpp">
      <Filter>Source Files\Abilities</Filter>
    </ClCompile>
    <ClCompile Include="spindash.cpp">
      <Filter>Source Files\Abilities</Filter>
    </ClCompile>
    <ClCompile Include="util.cpp">
      <Filter>Source Files</Filter>
    </ClCompile>
    <ClCompile Include="sonic.cpp">
      <Filter>Source Files\Character</Filter>
    </ClCompile>
    <ClCompile Include="objects.cpp">
      <Filter>Source Files</Filter>
    </ClCompile>
    <ClCompile Include="mod.cpp">
      <Filter>Source Files</Filter>
    </ClCompile>
    <ClCompile Include="stdafx.cpp">
      <Filter>Source Files</Filter>
    </ClCompile>
    <ClCompile Include="action-remap.cpp">
      <Filter>Source Files\Character</Filter>
    </ClCompile>
    <ClCompile Include="config.cpp">
      <Filter>Source Files</Filter>
    </ClCompile>
    <ClCompile Include="rail.cpp">
      <Filter>Source Files\Abilities</Filter>
    </ClCompile>
    <ClCompile Include="jumpball.cpp">
      <Filter>Source Files\Abilities</Filter>
    </ClCompile>
  </ItemGroup>
  <ItemGroup>
    <ClInclude Include="stdafx.h">
      <Filter>Header Files</Filter>
    </ClInclude>
    <ClInclude Include="helper.h">
      <Filter>Header Files</Filter>
    </ClInclude>
    <ClInclude Include="SA2-Functions.h">
      <Filter>Header Files</Filter>
    </ClInclude>
    <ClInclude Include="Util.h">
      <Filter>Header Files</Filter>
    </ClInclude>
    <ClInclude Include="mod.h">
      <Filter>Header Files</Filter>
    </ClInclude>
  </ItemGroup>
  <ItemGroup>
    <Filter Include="Source Files">
      <UniqueIdentifier>{2de7a914-6397-4d1b-920c-12b47fe2294b}</UniqueIdentifier>
    </Filter>
    <Filter Include="Resource Files">
      <UniqueIdentifier>{d092dce2-70df-4679-b54a-aa58e12a9a78}</UniqueIdentifier>
    </Filter>
    <Filter Include="Header Files">
      <UniqueIdentifier>{d2fa32fc-54b0-4493-b65e-8e3f67b0d458}</UniqueIdentifier>
    </Filter>
    <Filter Include="Source Files\Abilities">
      <UniqueIdentifier>{0f4a62b4-9ed0-4b79-bd84-013c2d718354}</UniqueIdentifier>
    </Filter>
    <Filter Include="Source Files\Character">
      <UniqueIdentifier>{9984dac3-ee30-47b2-ba9b-2a481c283281}</UniqueIdentifier>
    </Filter>
  </ItemGroup>
</Project>